
Microsoft Visual Studio Solution File, Format Version 12.00
Project("{FAE04EC0-301F-11D3-BF4B-00C04F79EFBC}") = "MongoDbEntityFramework.Test", "MongoDbEntityFramework.Test\MongoDbEntityFramework.Test.csproj", "{83336EA6-24EC-477E-99AF-0294A034B03D}"
EndProject
Project("{FAE04EC0-301F-11D3-BF4B-00C04F79EFBC}") = "MongoDbEntityFramework", "MongoDbEntityFramework\MongoDbEntityFramework.csproj", "{1FAEFDC2-B1E0-41AB-8127-A9FDE6EC087F}"
EndProject
Project("{FAE04EC0-301F-11D3-BF4B-00C04F79EFBC}") = "MongoDbEntityFramework.Host", "MongoDbEntityFramework.Host\MongoDbEntityFramework.Host.csproj", "{7642AFAD-D761-444B-A4C8-D759890ECE96}"
EndProject
Global
	GlobalSection(SolutionConfigurationPlatforms) = preSolution
		Debug|Any CPU = Debug|Any CPU
		Release|Any CPU = Release|Any CPU
	EndGlobalSection
	GlobalSection(ProjectConfigurationPlatforms) = postSolution
		{83336EA6-24EC-477E-99AF-0294A034B03D}.Debug|Any CPU.ActiveCfg = Debug|Any CPU
		{83336EA6-24EC-477E-99AF-0294A034B03D}.Debug|Any CPU.Build.0 = Debug|Any CPU
		{83336EA6-24EC-477E-99AF-0294A034B03D}.Release|Any CPU.ActiveCfg = Release|Any CPU
		{83336EA6-24EC-477E-99AF-0294A034B03D}.Release|Any CPU.Build.0 = Release|Any CPU
		{1FAEFDC2-B1E0-41AB-8127-A9FDE6EC087F}.Debug|Any CPU.ActiveCfg = Debug|Any CPU
		{1FAEFDC2-B1E0-41AB-8127-A9FDE6EC087F}.Debug|Any CPU.Build.0 = Debug|Any CPU
		{1FAEFDC2-B1E0-41AB-8127-A9FDE6EC087F}.Release|Any CPU.ActiveCfg = Release|Any CPU
		{1FAEFDC2-B1E0-41AB-8127-A9FDE6EC087F}.Release|Any CPU.Build.0 = Release|Any CPU
		{7642AFAD-D761-444B-A4C8-D759890ECE96}.Debug|Any CPU.ActiveCfg = Debug|Any CPU
		{7642AFAD-D761-444B-A4C8-D759890ECE96}.Debug|Any CPU.Build.0 = Debug|Any CPU
		{7642AFAD-D761-444B-A4C8-D759890ECE96}.Release|Any CPU.ActiveCfg = Release|Any CPU
		{7642AFAD-D761-444B-A4C8-D759890ECE96}.Release|Any CPU.Build.0 = Release|Any CPU
	EndGlobalSection
EndGlobal
